
Microsoft Visual Studio Solution File, Format Version 12.00
# Visual Studio 15
VisualStudioVersion = 15.0.26730.3
MinimumVisualStudioVersion = 10.0.40219.1
Project("{9A19103F-16F7-4668-BE54-9A1E7A4F7556}") = "FunctionApp", "FunctionApp\FunctionApp.csproj", "{A84D6EB5-2A20-44CD-A468-3BB446F44B4E}"
EndProject
Project("{2150E333-8FDC-42A3-9474-1A3956D46DE8}") = "Functions", "Functions", "{1ED497DC-785D-4885-A778-668D92750D14}"
EndProject
Project("{2150E333-8FDC-42A3-9474-1A3956D46DE8}") = "Extensions", "Extensions", "{BB8A2C61-25C3-4E66-898C-D15EB359652C}"
EndProject
Project("{FAE04EC0-301F-11D3-BF4B-00C04F79EFBC}") = "SQLDatabaseExtension", "SQLDatabaseExtension\SQLDatabaseExtension.csproj", "{8BE40538-B35F-46C9-9961-7DB769362047}"
EndProject
Global
	GlobalSection(SolutionConfigurationPlatforms) = preSolution
		Debug|Any CPU = Debug|Any CPU
		Release|Any CPU = Release|Any CPU
	EndGlobalSection
	GlobalSection(ProjectConfigurationPlatforms) = postSolution
		{A84D6EB5-2A20-44CD-A468-3BB446F44B4E}.Debug|Any CPU.ActiveCfg = Debug|Any CPU
		{A84D6EB5-2A20-44CD-A468-3BB446F44B4E}.Debug|Any CPU.Build.0 = Debug|Any CPU
		{A84D6EB5-2A20-44CD-A468-3BB446F44B4E}.Release|Any CPU.ActiveCfg = Release|Any CPU
		{A84D6EB5-2A20-44CD-A468-3BB446F44B4E}.Release|Any CPU.Build.0 = Release|Any CPU
		{8BE40538-B35F-46C9-9961-7DB769362047}.Debug|Any CPU.ActiveCfg = Debug|Any CPU
		{8BE40538-B35F-46C9-9961-7DB769362047}.Debug|Any CPU.Build.0 = Debug|Any CPU
		{8BE40538-B35F-46C9-9961-7DB769362047}.Release|Any CPU.ActiveCfg = Release|Any CPU
		{8BE40538-B35F-46C9-9961-7DB769362047}.Release|Any CPU.Build.0 = Release|Any CPU
	EndGlobalSection
	GlobalSection(SolutionProperties) = preSolution
		HideSolutionNode = FALSE
	EndGlobalSection
	GlobalSection(NestedProjects) = preSolution
		{A84D6EB5-2A20-44CD-A468-3BB446F44B4E} = {1ED497DC-785D-4885-A778-668D92750D14}
		{8BE40538-B35F-46C9-9961-7DB769362047} = {BB8A2C61-25C3-4E66-898C-D15EB359652C}
	EndGlobalSection
	GlobalSection(ExtensibilityGlobals) = postSolution
		SolutionGuid = {7AA441B0-3B94-4361-A3DE-F63CD58E1A94}
	EndGlobalSection
EndGlobal
